
Microsoft Visual Studio Solution File, Format Version 12.00
# Visual Studio Version 16
VisualStudioVersion = 16.0.30621.155
MinimumVisualStudioVersion = 10.0.40219.1
Project("{8BC9CEB8-8B4A-11D0-8D11-00A0C91BC942}") = "serial", "serial.vcxproj", "{9D7655BE-AE2F-490F-BEC9-17D3664A9F9C}"
EndProject
Global
	GlobalSection(SolutionConfigurationPlatforms) = preSolution
		Debug|x64 = Debug|x64
		Debug|x86 = Debug|x86
		Release|x64 = Release|x64
		Release|x86 = Release|x86
	EndGlobalSection
	GlobalSection(ProjectConfigurationPlatforms) = postSolution
		{9D7655BE-AE2F-490F-BEC9-17D3664A9F9C}.Debug|x64.ActiveCfg = Debug|x64
		{9D7655BE-AE2F-490F-BEC9-17D3664A9F9C}.Debug|x64.Build.0 = Debug|x64
		{9D7655BE-AE2F-490F-BEC9-17D3664A9F9C}.Debug|x86.ActiveCfg = Release|Win32
		{9D7655BE-AE2F-490F-BEC9-17D3664A9F9C}.Debug|x86.Build.0 = Release|Win32
		{9D7655BE-AE2F-490F-BEC9-17D3664A9F9C}.Release|x64.ActiveCfg = Release|x64
		{9D7655BE-AE2F-490F-BEC9-17D3664A9F9C}.Release|x64.Build.0 = Release|x64
		{9D7655BE-AE2F-490F-BEC9-17D3664A9F9C}.Release|x86.ActiveCfg = Release|Win32
		{9D7655BE-AE2F-490F-BEC9-17D3664A9F9C}.Release|x86.Build.0 = Release|Win32
	EndGlobalSection
	GlobalSection(SolutionProperties) = preSolution
		HideSolutionNode = FALSE
	EndGlobalSection
	GlobalSection(ExtensibilityGlobals) = postSolution
		SolutionGuid = {C0179FDC-8259-4436-823D-F99A90244412}
	EndGlobalSection
EndGlobal
