
Microsoft Visual Studio Solution File, Format Version 12.00
# Visual Studio Version 16
VisualStudioVersion = 16.0.30523.141
MinimumVisualStudioVersion = 10.0.40219.1
Project("{8BC9CEB8-8B4A-11D0-8D11-00A0C91BC942}") = "ExaltMototrization", "ExaltMototrization.vcxproj", "{0327A8DD-AB92-42B8-88B2-6C579EB18302}"
EndProject
Global
	GlobalSection(SolutionConfigurationPlatforms) = preSolution
		Debug|Win32 = Debug|Win32
		Debug|x64 = Debug|x64
		Debug|x86 = Debug|x86
		Release|Win32 = Release|Win32
		Release|x64 = Release|x64
		Release|x86 = Release|x86
	EndGlobalSection
	GlobalSection(ProjectConfigurationPlatforms) = postSolution
		{0327A8DD-AB92-42B8-88B2-6C579EB18302}.Debug|Win32.ActiveCfg = Debug|Win32
		{0327A8DD-AB92-42B8-88B2-6C579EB18302}.Debug|Win32.Build.0 = Debug|Win32
		{0327A8DD-AB92-42B8-88B2-6C579EB18302}.Debug|x64.ActiveCfg = Debug|Win32
		{0327A8DD-AB92-42B8-88B2-6C579EB18302}.Debug|x64.Build.0 = Debug|Win32
		{0327A8DD-AB92-42B8-88B2-6C579EB18302}.Debug|x86.ActiveCfg = Debug|Win32
		{0327A8DD-AB92-42B8-88B2-6C579EB18302}.Debug|x86.Build.0 = Debug|Win32
		{0327A8DD-AB92-42B8-88B2-6C579EB18302}.Release|Win32.ActiveCfg = Release|Win32
		{0327A8DD-AB92-42B8-88B2-6C579EB18302}.Release|Win32.Build.0 = Release|Win32
		{0327A8DD-AB92-42B8-88B2-6C579EB18302}.Release|x64.ActiveCfg = Release|x64
		{0327A8DD-AB92-42B8-88B2-6C579EB18302}.Release|x64.Build.0 = Release|x64
		{0327A8DD-AB92-42B8-88B2-6C579EB18302}.Release|x86.ActiveCfg = Release|Win32
		{0327A8DD-AB92-42B8-88B2-6C579EB18302}.Release|x86.Build.0 = Release|Win32
	EndGlobalSection
	GlobalSection(SolutionProperties) = preSolution
		HideSolutionNode = FALSE
	EndGlobalSection
	GlobalSection(ExtensibilityGlobals) = postSolution
		SolutionGuid = {D6C7F076-EDF6-415E-AF1B-10C98DFAE27A}
	EndGlobalSection
EndGlobal
